
Microsoft Visual Studio Solution File, Format Version 12.00
# Visual Studio Version 17
VisualStudioVersion = 17.3.32929.385
MinimumVisualStudioVersion = 10.0.40219.1
Project("{9A19103F-16F7-4668-BE54-9A1E7A4F7556}") = "BinaryTree", "BinaryTree.csproj", "{4923BC0B-1704-42C6-9F2E-0C8C2653FF38}"
EndProject
Project("{9A19103F-16F7-4668-BE54-9A1E7A4F7556}") = "CollectionsTemplate", "..\CollectionsTemplate\CollectionsTemplate\CollectionsTemplate.csproj", "{EEAB491C-A209-4E3A-BADD-C107C22FD304}"
EndProject
Global
	GlobalSection(SolutionConfigurationPlatforms) = preSolution
		Debug|Any CPU = Debug|Any CPU
		Release|Any CPU = Release|Any CPU
	EndGlobalSection
	GlobalSection(ProjectConfigurationPlatforms) = postSolution
		{4923BC0B-1704-42C6-9F2E-0C8C2653FF38}.Debug|Any CPU.ActiveCfg = Debug|Any CPU
		{4923BC0B-1704-42C6-9F2E-0C8C2653FF38}.Debug|Any CPU.Build.0 = Debug|Any CPU
		{4923BC0B-1704-42C6-9F2E-0C8C2653FF38}.Release|Any CPU.ActiveCfg = Release|Any CPU
		{4923BC0B-1704-42C6-9F2E-0C8C2653FF38}.Release|Any CPU.Build.0 = Release|Any CPU
		{EEAB491C-A209-4E3A-BADD-C107C22FD304}.Debug|Any CPU.ActiveCfg = Debug|Any CPU
		{EEAB491C-A209-4E3A-BADD-C107C22FD304}.Debug|Any CPU.Build.0 = Debug|Any CPU
		{EEAB491C-A209-4E3A-BADD-C107C22FD304}.Release|Any CPU.ActiveCfg = Release|Any CPU
		{EEAB491C-A209-4E3A-BADD-C107C22FD304}.Release|Any CPU.Build.0 = Release|Any CPU
	EndGlobalSection
	GlobalSection(SolutionProperties) = preSolution
		HideSolutionNode = FALSE
	EndGlobalSection
	GlobalSection(ExtensibilityGlobals) = postSolution
		SolutionGuid = {BBCBC0F6-D55A-4332-B72E-2228D41A5BEF}
	EndGlobalSection
EndGlobal
